{
  "name": "paw-projekt-1",
  "version": "1.0.0",
  "lockfileVersion": 2,
  "requires": true,
  "packages": {
    "": {
      "name": "paw-projekt-1",
      "version": "1.0.0",
      "license": "ISC",
      "dependencies": {
        "@types/dom-mediacapture-record": "^1.0.7"
      },
      "devDependencies": {
        "@types/bootstrap": "^5.0.13",
        "bootstrap": "^5.0.0",
        "i": "^0.3.6",
        "jquery": "^3.6.0",
        "popper.js": "^1.16.1",
        "typescript": "^4.2.3"
      }
    },
    "node_modules/@popperjs/core": {
      "version": "2.9.2",
      "resolved": "https://registry.npmjs.org/@popperjs/core/-/core-2.9.2.tgz",
      "integrity": "sha512-VZMYa7+fXHdwIq1TDhSXoVmSPEGM/aa+6Aiq3nVVJ9bXr24zScr+NlKFKC3iPljA7ho/GAZr+d2jOf5GIRC30Q==",
      "dev": true,
      "peer": true,
      "funding": {
        "type": "opencollective",
        "url": "https://opencollective.com/popperjs"
      }
    },
    "node_modules/@types/bootstrap": {
      "version": "5.0.13",
      "resolved": "https://registry.npmjs.org/@types/bootstrap/-/bootstrap-5.0.13.tgz",
      "integrity": "sha512-LsSZyG0K7VVi4HKHFr8b8LN2EuLqb79XbC+D7/FvTI5u8G1HKJGfxggcL+T4Kdmi/ZAfEsOL/0bysIf5OndO4g==",
      "dev": true,
      "dependencies": {
        "@popperjs/core": "2.6.0",
        "@types/jquery": "*"
      }
    },
    "node_modules/@types/bootstrap/node_modules/@popperjs/core": {
      "version": "2.6.0",
      "resolved": "https://registry.npmjs.org/@popperjs/core/-/core-2.6.0.tgz",
      "integrity": "sha512-cPqjjzuFWNK3BSKLm0abspP0sp/IGOli4p5I5fKFAzdS8fvjdOwDCfZqAaIiXd9lPkOWi3SUUfZof3hEb7J/uw==",
      "dev": true,
      "funding": {
        "type": "opencollective",
        "url": "https://opencollective.com/popperjs"
      }
    },
    "node_modules/@types/dom-mediacapture-record": {
      "version": "1.0.7",
      "resolved": "https://registry.npmjs.org/@types/dom-mediacapture-record/-/dom-mediacapture-record-1.0.7.tgz",
      "integrity": "sha512-ddDIRTO1ajtbxaNo2o7fPJggpN54PZf1ZUJKOjto2ENMJE/9GKUvaw3ZRuQzlS/p0E+PnIcssxfoqYJ4yiXSBw=="
    },
    "node_modules/@types/jquery": {
      "version": "3.5.5",
      "resolved": "https://registry.npmjs.org/@types/jquery/-/jquery-3.5.5.tgz",
      "integrity": "sha512-6RXU9Xzpc6vxNrS6FPPapN1SxSHgQ336WC6Jj/N8q30OiaBZ00l1GBgeP7usjVZPivSkGUfL1z/WW6TX989M+w==",
      "dev": true,
      "dependencies": {
        "@types/sizzle": "*"
      }
    },
    "node_modules/@types/sizzle": {
      "version": "2.3.3",
      "resolved": "https://registry.npmjs.org/@types/sizzle/-/sizzle-2.3.3.tgz",
      "integrity": "sha512-JYM8x9EGF163bEyhdJBpR2QX1R5naCJHC8ucJylJ3w9/CVBaskdQ8WqBf8MmQrd1kRvp/a4TS8HJ+bxzR7ZJYQ==",
      "dev": true
    },
    "node_modules/bootstrap": {
      "version": "5.0.0",
      "resolved": "https://registry.npmjs.org/bootstrap/-/bootstrap-5.0.0.tgz",
      "integrity": "sha512-tmhPET9B9qCl8dCofvHeiIhi49iBt0EehmIsziZib65k1erBW1rHhj2s/2JsuQh5Pq+xz2E9bEbzp9B7xHG+VA==",
      "dev": true,
      "funding": {
        "type": "opencollective",
        "url": "https://opencollective.com/bootstrap"
      },
      "peerDependencies": {
        "@popperjs/core": "^2.9.2"
      }
    },
    "node_modules/i": {
      "version": "0.3.6",
      "resolved": "https://registry.npmjs.org/i/-/i-0.3.6.tgz",
      "integrity": "sha1-2WyScyB28HJxG2sQ/X1PZa2O4j0=",
      "dev": true,
      "engines": {
        "node": ">=0.4"
      }
    },
    "node_modules/jquery": {
      "version": "3.6.0",
      "resolved": "https://registry.npmjs.org/jquery/-/jquery-3.6.0.tgz",
      "integrity": "sha512-JVzAR/AjBvVt2BmYhxRCSYysDsPcssdmTFnzyLEts9qNwmjmu4JTAMYubEfwVOSwpQ1I1sKKFcxhZCI2buerfw==",
      "dev": true
    },
    "node_modules/popper.js": {
      "version": "1.16.1",
      "resolved": "https://registry.npmjs.org/popper.js/-/popper.js-1.16.1.tgz",
      "integrity": "sha512-Wb4p1J4zyFTbM+u6WuO4XstYx4Ky9Cewe4DWrel7B0w6VVICvPwdOpotjzcf6eD8TsckVnIMNONQyPIUFOUbCQ==",
      "deprecated": "You can find the new Popper v2 at @popperjs/core, this package is dedicated to the legacy v1",
      "dev": true,
      "funding": {
        "type": "opencollective",
        "url": "https://opencollective.com/popperjs"
      }
    },
    "node_modules/typescript": {
      "version": "4.2.3",
      "resolved": "https://registry.npmjs.org/typescript/-/typescript-4.2.3.tgz",
      "integrity": "sha512-qOcYwxaByStAWrBf4x0fibwZvMRG+r4cQoTjbPtUlrWjBHbmCAww1i448U0GJ+3cNNEtebDteo/cHOR3xJ4wEw==",
      "dev": true,
      "bin": {
        "tsc": "bin/tsc",
        "tsserver": "bin/tsserver"
      },
      "engines": {
        "node": ">=4.2.0"
      }
    }
  },
  "dependencies": {
    "@popperjs/core": {
      "version": "2.9.2",
      "resolved": "https://registry.npmjs.org/@popperjs/core/-/core-2.9.2.tgz",
      "integrity": "sha512-VZMYa7+fXHdwIq1TDhSXoVmSPEGM/aa+6Aiq3nVVJ9bXr24zScr+NlKFKC3iPljA7ho/GAZr+d2jOf5GIRC30Q==",
      "dev": true,
      "peer": true
    },
    "@types/bootstrap": {
      "version": "5.0.13",
      "resolved": "https://registry.npmjs.org/@types/bootstrap/-/bootstrap-5.0.13.tgz",
      "integrity": "sha512-LsSZyG0K7VVi4HKHFr8b8LN2EuLqb79XbC+D7/FvTI5u8G1HKJGfxggcL+T4Kdmi/ZAfEsOL/0bysIf5OndO4g==",
      "dev": true,
      "requires": {
        "@popperjs/core": "2.6.0",
        "@types/jquery": "*"
      },
      "dependencies": {
        "@popperjs/core": {
          "version": "2.6.0",
          "resolved": "https://registry.npmjs.org/@popperjs/core/-/core-2.6.0.tgz",
          "integrity": "sha512-cPqjjzuFWNK3BSKLm0abspP0sp/IGOli4p5I5fKFAzdS8fvjdOwDCfZqAaIiXd9lPkOWi3SUUfZof3hEb7J/uw==",
          "dev": true
        }
      }
    },
    "@types/dom-mediacapture-record": {
      "version": "1.0.7",
      "resolved": "https://registry.npmjs.org/@types/dom-mediacapture-record/-/dom-mediacapture-record-1.0.7.tgz",
      "integrity": "sha512-ddDIRTO1ajtbxaNo2o7fPJggpN54PZf1ZUJKOjto2ENMJE/9GKUvaw3ZRuQzlS/p0E+PnIcssxfoqYJ4yiXSBw=="
    },
    "@types/jquery": {
      "version": "3.5.5",
      "resolved": "https://registry.npmjs.org/@types/jquery/-/jquery-3.5.5.tgz",
      "integrity": "sha512-6RXU9Xzpc6vxNrS6FPPapN1SxSHgQ336WC6Jj/N8q30OiaBZ00l1GBgeP7usjVZPivSkGUfL1z/WW6TX989M+w==",
      "dev": true,
      "requires": {
        "@types/sizzle": "*"
      }
    },
    "@types/sizzle": {
      "version": "2.3.3",
      "resolved": "https://registry.npmjs.org/@types/sizzle/-/sizzle-2.3.3.tgz",
      "integrity": "sha512-JYM8x9EGF163bEyhdJBpR2QX1R5naCJHC8ucJylJ3w9/CVBaskdQ8WqBf8MmQrd1kRvp/a4TS8HJ+bxzR7ZJYQ==",
      "dev": true
    },
    "bootstrap": {
      "version": "5.0.0",
      "resolved": "https://registry.npmjs.org/bootstrap/-/bootstrap-5.0.0.tgz",
      "integrity": "sha512-tmhPET9B9qCl8dCofvHeiIhi49iBt0EehmIsziZib65k1erBW1rHhj2s/2JsuQh5Pq+xz2E9bEbzp9B7xHG+VA==",
      "dev": true,
      "requires": {}
    },
    "i": {
      "version": "0.3.6",
      "resolved": "https://registry.npmjs.org/i/-/i-0.3.6.tgz",
      "integrity": "sha1-2WyScyB28HJxG2sQ/X1PZa2O4j0=",
      "dev": true
    },
    "jquery": {
      "version": "3.6.0",
      "resolved": "https://registry.npmjs.org/jquery/-/jquery-3.6.0.tgz",
      "integrity": "sha512-JVzAR/AjBvVt2BmYhxRCSYysDsPcssdmTFnzyLEts9qNwmjmu4JTAMYubEfwVOSwpQ1I1sKKFcxhZCI2buerfw==",
      "dev": true
    },
    "popper.js": {
      "version": "1.16.1",
      "resolved": "https://registry.npmjs.org/popper.js/-/popper.js-1.16.1.tgz",
      "integrity": "sha512-Wb4p1J4zyFTbM+u6WuO4XstYx4Ky9Cewe4DWrel7B0w6VVICvPwdOpotjzcf6eD8TsckVnIMNONQyPIUFOUbCQ==",
      "dev": true
    },
    "typescript": {
      "version": "4.2.3",
      "resolved": "https://registry.npmjs.org/typescript/-/typescript-4.2.3.tgz",
      "integrity": "sha512-qOcYwxaByStAWrBf4x0fibwZvMRG+r4cQoTjbPtUlrWjBHbmCAww1i448U0GJ+3cNNEtebDteo/cHOR3xJ4wEw==",
      "dev": true
    }
  }
}
